
Microsoft Visual Studio Solution File, Format Version 12.00
# Visual Studio Version 17
VisualStudioVersion = 17.5.33530.505
MinimumVisualStudioVersion = 10.0.40219.1
Project("{FAE04EC0-301F-11D3-BF4B-00C04F79EFBC}") = "Prakt6", "Prakt6\Prakt6.csproj", "{4189223E-8BEE-4476-8D11-B8FA54D0D29B}"
EndProject
Global
	GlobalSection(SolutionConfigurationPlatforms) = preSolution
		Debug|Any CPU = Debug|Any CPU
		Release|Any CPU = Release|Any CPU
	EndGlobalSection
	GlobalSection(ProjectConfigurationPlatforms) = postSolution
		{4189223E-8BEE-4476-8D11-B8FA54D0D29B}.Debug|Any CPU.ActiveCfg = Debug|Any CPU
		{4189223E-8BEE-4476-8D11-B8FA54D0D29B}.Debug|Any CPU.Build.0 = Debug|Any CPU
		{4189223E-8BEE-4476-8D11-B8FA54D0D29B}.Release|Any CPU.ActiveCfg = Release|Any CPU
		{4189223E-8BEE-4476-8D11-B8FA54D0D29B}.Release|Any CPU.Build.0 = Release|Any CPU
	EndGlobalSection
	GlobalSection(SolutionProperties) = preSolution
		HideSolutionNode = FALSE
	EndGlobalSection
	GlobalSection(ExtensibilityGlobals) = postSolution
		SolutionGuid = {5F81289F-5D0D-432F-AE80-349B2A7CB2AD}
	EndGlobalSection
EndGlobal
